
Microsoft Visual Studio Solution File, Format Version 12.00
# Visual Studio Version 17
VisualStudioVersion = 17.0.31903.59
MinimumVisualStudioVersion = 10.0.40219.1
Project("{9A19103F-16F7-4668-BE54-9A1E7A4F7556}") = "Booky.Client", "Client\Booky.Client.csproj", "{51FD6D5F-724E-4983-B008-E106389D1A9A}"
EndProject
Project("{9A19103F-16F7-4668-BE54-9A1E7A4F7556}") = "Booky.Server", "Server\Booky.Server.csproj", "{60E1F2E8-70B5-4A2D-9B65-379A529E68C8}"
EndProject
Project("{FAE04EC0-301F-11D3-BF4B-00C04F79EFBC}") = "Booky.Core", "Core\Booky.Core.csproj", "{AEB834BD-4E79-4578-8D00-EA3DF7FBD064}"
EndProject
Project("{FAE04EC0-301F-11D3-BF4B-00C04F79EFBC}") = "Booky.Core.Tests", "Booky.Core.Tests\Booky.Core.Tests.csproj", "{98216E67-A3AE-40F2-B32B-22E108CE340A}"
EndProject
Global
	GlobalSection(SolutionConfigurationPlatforms) = preSolution
		Debug|Any CPU = Debug|Any CPU
		Release|Any CPU = Release|Any CPU
	EndGlobalSection
	GlobalSection(ProjectConfigurationPlatforms) = postSolution
		{51FD6D5F-724E-4983-B008-E106389D1A9A}.Debug|Any CPU.ActiveCfg = Debug|Any CPU
		{51FD6D5F-724E-4983-B008-E106389D1A9A}.Debug|Any CPU.Build.0 = Debug|Any CPU
		{51FD6D5F-724E-4983-B008-E106389D1A9A}.Release|Any CPU.ActiveCfg = Release|Any CPU
		{51FD6D5F-724E-4983-B008-E106389D1A9A}.Release|Any CPU.Build.0 = Release|Any CPU
		{60E1F2E8-70B5-4A2D-9B65-379A529E68C8}.Debug|Any CPU.ActiveCfg = Debug|Any CPU
		{60E1F2E8-70B5-4A2D-9B65-379A529E68C8}.Debug|Any CPU.Build.0 = Debug|Any CPU
		{60E1F2E8-70B5-4A2D-9B65-379A529E68C8}.Release|Any CPU.ActiveCfg = Release|Any CPU
		{60E1F2E8-70B5-4A2D-9B65-379A529E68C8}.Release|Any CPU.Build.0 = Release|Any CPU
		{AEB834BD-4E79-4578-8D00-EA3DF7FBD064}.Debug|Any CPU.ActiveCfg = Debug|Any CPU
		{AEB834BD-4E79-4578-8D00-EA3DF7FBD064}.Debug|Any CPU.Build.0 = Debug|Any CPU
		{AEB834BD-4E79-4578-8D00-EA3DF7FBD064}.Release|Any CPU.ActiveCfg = Release|Any CPU
		{AEB834BD-4E79-4578-8D00-EA3DF7FBD064}.Release|Any CPU.Build.0 = Release|Any CPU
		{98216E67-A3AE-40F2-B32B-22E108CE340A}.Debug|Any CPU.ActiveCfg = Debug|Any CPU
		{98216E67-A3AE-40F2-B32B-22E108CE340A}.Debug|Any CPU.Build.0 = Debug|Any CPU
		{98216E67-A3AE-40F2-B32B-22E108CE340A}.Release|Any CPU.ActiveCfg = Release|Any CPU
		{98216E67-A3AE-40F2-B32B-22E108CE340A}.Release|Any CPU.Build.0 = Release|Any CPU
	EndGlobalSection
	GlobalSection(SolutionProperties) = preSolution
		HideSolutionNode = FALSE
	EndGlobalSection
	GlobalSection(ExtensibilityGlobals) = postSolution
		SolutionGuid = {CD84FE47-5F4A-460C-BB4A-CE6F6F666B70}
	EndGlobalSection
EndGlobal
